
Microsoft Visual Studio Solution File, Format Version 12.00
# Visual Studio 15
VisualStudioVersion = 15.0.27428.2043
MinimumVisualStudioVersion = 10.0.40219.1
Project("{FAE04EC0-301F-11D3-BF4B-00C04F79EFBC}") = "Warriors", "Warriors\Warriors.csproj", "{0E4CCAFB-5B63-4ECE-A041-22F44F889943}"
EndProject
Project("{FAE04EC0-301F-11D3-BF4B-00C04F79EFBC}") = "UnitTestProject1", "UnitTestProject1\UnitTestProject1.csproj", "{77C2AC98-A42E-4616-B213-FFF1919C9CEE}"
EndProject
Global
	GlobalSection(SolutionConfigurationPlatforms) = preSolution
		Debug|Any CPU = Debug|Any CPU
		Release|Any CPU = Release|Any CPU
	EndGlobalSection
	GlobalSection(ProjectConfigurationPlatforms) = postSolution
		{0E4CCAFB-5B63-4ECE-A041-22F44F889943}.Debug|Any CPU.ActiveCfg = Debug|Any CPU
		{0E4CCAFB-5B63-4ECE-A041-22F44F889943}.Debug|Any CPU.Build.0 = Debug|Any CPU
		{0E4CCAFB-5B63-4ECE-A041-22F44F889943}.Release|Any CPU.ActiveCfg = Release|Any CPU
		{0E4CCAFB-5B63-4ECE-A041-22F44F889943}.Release|Any CPU.Build.0 = Release|Any CPU
		{77C2AC98-A42E-4616-B213-FFF1919C9CEE}.Debug|Any CPU.ActiveCfg = Debug|Any CPU
		{77C2AC98-A42E-4616-B213-FFF1919C9CEE}.Debug|Any CPU.Build.0 = Debug|Any CPU
		{77C2AC98-A42E-4616-B213-FFF1919C9CEE}.Release|Any CPU.ActiveCfg = Release|Any CPU
		{77C2AC98-A42E-4616-B213-FFF1919C9CEE}.Release|Any CPU.Build.0 = Release|Any CPU
	EndGlobalSection
	GlobalSection(SolutionProperties) = preSolution
		HideSolutionNode = FALSE
	EndGlobalSection
	GlobalSection(ExtensibilityGlobals) = postSolution
		SolutionGuid = {411A74F8-2628-433A-B5CC-7C8770625B28}
	EndGlobalSection
EndGlobal
